version = 1
requires-python = ">=3.12"

[manifest]
members = [
    "demo-py",
    "myko",
    "rship",
    "rship-sdk",
]

[[package]]
name = "asyncio"
version = "3.4.3"
source = { registry = "https://pypi.org/simple" }
sdist = { url = "https://files.pythonhosted.org/packages/da/54/054bafaf2c0fb8473d423743e191fcdf49b2c1fd5e9af3524efbe097bafd/asyncio-3.4.3.tar.gz", hash = "sha256:83360ff8bc97980e4ff25c964c7bd3923d333d177aa4f7fb736b019f26c7cb41", size = 204411 }
wheels = [
    { url = "https://files.pythonhosted.org/packages/22/74/07679c5b9f98a7cb0fc147b1ef1cc1853bc07a4eb9cb5731e24732c5f773/asyncio-3.4.3-py3-none-any.whl", hash = "sha256:c4d18b22701821de07bd6aea8b53d21449ec0ec5680645e5317062ea21817d2d", size = 101767 },
]

[[package]]
name = "demo-py"
version = "0.1.0"
source = { virtual = "apps/execs/demo-py" }
dependencies = [
    { name = "rship-sdk" },
]

[package.metadata]
requires-dist = [{ name = "rship-sdk", editable = "libs/sdk/python" }]

[[package]]
name = "myko"
version = "0.0.4"
source = { editable = "libs/myko/python" }
dependencies = [
    { name = "asyncio" },
    { name = "websockets" },
]

[package.metadata]
requires-dist = [
    { name = "asyncio", specifier = ">=3.4.3" },
    { name = "websockets", specifier = ">=14.0" },
]

[[package]]
name = "rship"
version = "0.1.0"
source = { virtual = "." }

[[package]]
name = "rship-sdk"
version = "0.1.13"
source = { editable = "libs/sdk/python" }
dependencies = [
    { name = "myko" },
]

[package.metadata]
requires-dist = [{ name = "myko", editable = "libs/myko/python" }]

[[package]]
name = "websockets"
version = "14.0"
source = { registry = "https://pypi.org/simple" }
sdist = { url = "https://files.pythonhosted.org/packages/d5/95/9ec3ef89770eaf437ec3a6aa18d07aa29215419009e3330fd1031ff2f162/websockets-14.0.tar.gz", hash = "sha256:be90aa6dab180fed523c0c10a6729ad16c9ba79067402d01a4d8aa7ce48d4084", size = 162207 }
wheels = [
    { url = "https://files.pythonhosted.org/packages/f0/7a/57bdf7ad2fbc3c36d3fa20da38ff1c23776e3bcfc1fe0ebf052ab9b625f7/websockets-14.0-cp312-cp312-macosx_10_13_universal2.whl", hash = "sha256:f988f141a9be7a74d2e98d446b2f5411038bad14cdab80f9d1644b2329a71b48", size = 161256 },
    { url = "https://files.pythonhosted.org/packages/73/6f/1fc43b1ce6eb1be4a02481f38c5afdd79d127e3109f000542d3aba8cf94b/websockets-14.0-cp312-cp312-macosx_10_13_x86_64.whl", hash = "sha256:7fd212e7022c70b4f8246dee4449dde30ff50c7e8e1d61ac87b7879579badd03", size = 158920 },
    { url = "https://files.pythonhosted.org/packages/5b/a6/35c1092f5431b593cb0c88bd42b38b77a7a5141a86bdc0b8afda987cd724/websockets-14.0-cp312-cp312-macosx_11_0_arm64.whl", hash = "sha256:4c06f014fd8fa3827e5fd03ec012945e2139901f261fcc401e0622476cad9c5c", size = 159155 },
    { url = "https://files.pythonhosted.org/packages/66/14/e09f0b37b23dc10f051a50129b9244b97ea534af59294aebff11242940ac/websockets-14.0-cp312-cp312-manylinux_2_17_aarch64.manylinux2014_aarch64.whl", hash = "sha256:6fad8f03dc976e710db785abf9deb76eb259312fb54d77b568c73f0162cef96e", size = 168974 },
    { url = "https://files.pythonhosted.org/packages/e0/d7/40ec52e6e8a3d3991116f71b94d949389698721335805348b1157f2ae4f1/websockets-14.0-cp312-cp312-manylinux_2_5_i686.manylinux1_i686.manylinux_2_17_i686.manylinux2014_i686.whl", hash = "sha256:6cff048a155024a580fee9f9a66b0ad9fc82683f6470c26eb76dd9280e6f459e", size = 167921 },
    { url = "https://files.pythonhosted.org/packages/58/46/b292a8b2d0a86e8ac6081f90536ebb9cb68c54da4b4e007fb59621cfa4f4/websockets-14.0-cp312-cp312-manylinux_2_5_x86_64.manylinux1_x86_64.manylinux_2_17_x86_64.manylinux2014_x86_64.whl", hash = "sha256:56ec8098dcc47817c8aee8037165f0fe30fec8efe543c66e0924781a4bfcbdfd", size = 168344 },
    { url = "https://files.pythonhosted.org/packages/fa/3f/7e45f527393c22141026acef677e1037e0b5da97f318e33d293b78998b23/websockets-14.0-cp312-cp312-musllinux_1_2_aarch64.whl", hash = "sha256:ee5fb667aec4ae723d40ada9854128df427b35b526c600cd352ca0240aad4dd7", size = 168646 },
    { url = "https://files.pythonhosted.org/packages/97/8c/887c48bab5d751471cfaf229440a21d97e3bb612697e2993a08ef1787819/websockets-14.0-cp312-cp312-musllinux_1_2_i686.whl", hash = "sha256:2752c98237057f27594a8393d498edd9db37e06abcfb99176d9cb6fb989dc883", size = 168025 },
    { url = "https://files.pythonhosted.org/packages/ba/fa/a0fc78eb82d1ac86844ea959609282007ae637ada53529018187e900f01c/websockets-14.0-cp312-cp312-musllinux_1_2_x86_64.whl", hash = "sha256:e9ff528498d9e5c543bee388023ca91870678ac50724d675853ba85b4f0a459e", size = 168013 },
    { url = "https://files.pythonhosted.org/packages/22/02/6092e2e3af432d1a15d2e4034c0c2a4afbac443a15945a832a8a2588f7bc/websockets-14.0-cp312-cp312-win32.whl", hash = "sha256:8982909857b09220ee31d9a45699fce26f8e5b94a10efa7fe07004d4f4200a33", size = 162152 },
    { url = "https://files.pythonhosted.org/packages/98/c0/415fb15332c73761f4452deea6a7cfcac89ebe151d03e5397eb63e915309/websockets-14.0-cp312-cp312-win_amd64.whl", hash = "sha256:61b60c2a07b6d25f7ce8cc0101d55fb0f1af388bec1eddfe0181085c2206e7b0", size = 162591 },
    { url = "https://files.pythonhosted.org/packages/f0/1c/56174b96507bfa2e4766b09d8d68a12a1ce096918779b8fecac6e4f49284/websockets-14.0-cp313-cp313-macosx_10_13_universal2.whl", hash = "sha256:7cf000319db10a0cb5c7ce91bfd2a8699086b5cc0b5c5b83b92eec22a0448b2f", size = 161265 },
    { url = "https://files.pythonhosted.org/packages/af/6f/5c8133ef37e1227029419b89f2e0abde51e4c124e545d53dfd8d8a209e0d/websockets-14.0-cp313-cp313-macosx_10_13_x86_64.whl", hash = "sha256:0bae3caf386d418e83b62e8c1c4cec1b13348fac43e530b9894d6c7c02d921b5", size = 158922 },
    { url = "https://files.pythonhosted.org/packages/ad/74/9d77efe1df497d2a5198d479d7b98f604badfb5c95898d5c457d47a9864e/websockets-14.0-cp313-cp313-macosx_11_0_arm64.whl", hash = "sha256:8eb46ac94d5c131336dc997a568f5579501958b14a507e6aa4840f6d856da980", size = 159154 },
    { url = "https://files.pythonhosted.org/packages/41/f1/e0a2065037d48c9816ed96710cfe0331a84251a7099951b42299520d4c2e/websockets-14.0-cp313-cp313-manylinux_2_17_aarch64.manylinux2014_aarch64.whl", hash = "sha256:12c345585b1da70cd27a298b0b9a81aa18da7a690672f771b427db59c632d8aa", size = 168938 },
    { url = "https://files.pythonhosted.org/packages/a1/7d/700462efaf69a8c2ca49b4548493774f76c8292a923ca6fe06b3a3253c18/websockets-14.0-cp313-cp313-manylinux_2_5_i686.manylinux1_i686.manylinux_2_17_i686.manylinux2014_i686.whl", hash = "sha256:81758da7c76b4e2ddabc4a98a51f3c3aca8585a6d3a8662b5061613303bd5f68", size = 167879 },
    { url = "https://files.pythonhosted.org/packages/9e/fe/5bf7d899da9122e2693bf13ecaa793fb1f3f6f55093b1a65b0a7455b693f/websockets-14.0-cp313-cp313-manylinux_2_5_x86_64.manylinux1_x86_64.manylinux_2_17_x86_64.manylinux2014_x86_64.whl", hash = "sha256:4eae86193fd667667f35367d292b912685cb22c3f9f1dd6deaa3fdd713ab5976", size = 168319 },
    { url = "https://files.pythonhosted.org/packages/e5/b3/4dce1f80313b32e31ae652981cd2abaa0dd2f56fcd7373e4d8ead9f08d35/websockets-14.0-cp313-cp313-musllinux_1_2_aarch64.whl", hash = "sha256:7078dd0eac3a1dccf2c6f474004dbe8a4e936dbd19d37bbfb6efa70c923ae04e", size = 168683 },
    { url = "https://files.pythonhosted.org/packages/9d/c7/ecc861fe4f7c4c4be7de839f1808a4eb4768444e2ae9be15f57d8d8dff32/websockets-14.0-cp313-cp313-musllinux_1_2_i686.whl", hash = "sha256:2a418d596536a470f6f8e94cbb1fde66fe65e03d68c403eee0f2198b129e139a", size = 168074 },
    { url = "https://files.pythonhosted.org/packages/1b/f5/6dbc7c2c48237a8f2d588f0aab42ad51c39d42c3b3f7b45a965f0fa69a0c/websockets-14.0-cp313-cp313-musllinux_1_2_x86_64.whl", hash = "sha256:7d66eeab61956e231f35659e6d5b66dc04a3d51e65f2b8f71862dc6a8ba710d1", size = 168059 },
    { url = "https://files.pythonhosted.org/packages/e0/c3/e4dd5d76d4aa70adac20c69b60bacbfde228f7f1affa16874bd95baa36bf/websockets-14.0-cp313-cp313-win32.whl", hash = "sha256:b24f7286a5c4e350284623cf708662f0881fe7bc1146c1a1fe7e6a9be01a8d6b", size = 162147 },
    { url = "https://files.pythonhosted.org/packages/d8/36/eb2319fdab4486dd195dece569bb91ef9af4ee562b6d1c7ed8ac54040cfa/websockets-14.0-cp313-cp313-win_amd64.whl", hash = "sha256:fb260539dd2b64e93c9f2c59caa70d36d2020fb8e26fa17f62459ad50ebf6c24", size = 162588 },
    { url = "https://files.pythonhosted.org/packages/a7/78/83619cfd1b5ce1a6b73724f8a3d2cc8450cf232a84a7c11bd4536a86cae7/websockets-14.0-py3-none-any.whl", hash = "sha256:1a3bca8cfb66614e23a65aa5d6b87190876ec6f3247094939f9db877db55319c", size = 155580 },
]
